// !$*UTF8*$!
{
	archiveVersion = 1;
	classes = {
	};
	objectVersion = 56;
	objects = {

/* Begin PBXBuildFile section */
		094336AE29C01C4000752972 /* SaDecCityApp.swift in Sources */ = {isa = PBXBuildFile; fileRef = 094336AD29C01C4000752972 /* SaDecCityApp.swift */; };
		094336B029C01C4000752972 /* ContentView.swift in Sources */ = {isa = PBXBuildFile; fileRef = 094336AF29C01C4000752972 /* ContentView.swift */; };
		094336B229C01C4200752972 /* Assets.xcassets in Resources */ = {isa = PBXBuildFile; fileRef = 094336B129C01C4200752972 /* Assets.xcassets */; };
		094336B529C01C4200752972 /* Preview Assets.xcassets in Resources */ = {isa = PBXBuildFile; fileRef = 094336B429C01C4200752972 /* Preview Assets.xcassets */; };
		094336BD29C01D0F00752972 /* AutoLayout.swift in Sources */ = {isa = PBXBuildFile; fileRef = 094336BC29C01D0F00752972 /* AutoLayout.swift */; };
		5CE288162E8A9317CA8BCA56 /* Pods_SaDecCity.framework in Frameworks */ = {isa = PBXBuildFile; fileRef = C97353F7F69F7D8451E2ED8A /* Pods_SaDecCity.framework */; };
/* End PBXBuildFile section */

/* Begin PBXFileReference section */
		094336AA29C01C4000752972 /* SaDecCity.app */ = {isa = PBXFileReference; explicitFileType = wrapper.application; includeInIndex = 0; path = SaDecCity.app; sourceTree = BUILT_PRODUCTS_DIR; };
		094336AD29C01C4000752972 /* SaDecCityApp.swift */ = {isa = PBXFileReference; lastKnownFileType = sourcecode.swift; path = SaDecCityApp.swift; sourceTree = "<group>"; };
		094336AF29C01C4000752972 /* ContentView.swift */ = {isa = PBXFileReference; lastKnownFileType = sourcecode.swift; path = ContentView.swift; sourceTree = "<group>"; };
		094336B129C01C4200752972 /* Assets.xcassets */ = {isa = PBXFileReference; lastKnownFileType = folder.assetcatalog; path = Assets.xcassets; sourceTree = "<group>"; };
		094336B429C01C4200752972 /* Preview Assets.xcassets */ = {isa = PBXFileReference; lastKnownFileType = folder.assetcatalog; path = "Preview Assets.xcassets"; sourceTree = "<group>"; };
		094336BC29C01D0F00752972 /* AutoLayout.swift */ = {isa = PBXFileReference; lastKnownFileType = sourcecode.swift; path = AutoLayout.swift; sourceTree = "<group>"; };
		2D296CDBC780941E2A5B1FA2 /* Pods-SaDecCity.debug.xcconfig */ = {isa = PBXFileReference; includeInIndex = 1; lastKnownFileType = text.xcconfig; name = "Pods-SaDecCity.debug.xcconfig"; path = "Target Support Files/Pods-SaDecCity/Pods-SaDecCity.debug.xcconfig"; sourceTree = "<group>"; };
		A30BB30143EE7104916771E2 /* Pods-SaDecCity.release.xcconfig */ = {isa = PBXFileReference; includeInIndex = 1; lastKnownFileType = text.xcconfig; name = "Pods-SaDecCity.release.xcconfig"; path = "Target Support Files/Pods-SaDecCity/Pods-SaDecCity.release.xcconfig"; sourceTree = "<group>"; };
		C97353F7F69F7D8451E2ED8A /* Pods_SaDecCity.framework */ = {isa = PBXFileReference; explicitFileType = wrapper.framework; includeInIndex = 0; path = Pods_SaDecCity.framework; sourceTree = BUILT_PRODUCTS_DIR; };
/* End PBXFileReference section */

/* Begin PBXFrameworksBuildPhase section */
		094336A729C01C4000752972 /* Frameworks */ = {
			isa = PBXFrameworksBuildPhase;
			buildActionMask = 2147483647;
			files = (
				5CE288162E8A9317CA8BCA56 /* Pods_SaDecCity.framework in Frameworks */,
			);
			runOnlyForDeploymentPostprocessing = 0;
		};
/* End PBXFrameworksBuildPhase section */

/* Begin PBXGroup section */
		094336A129C01C4000752972 = {
			isa = PBXGroup;
			children = (
				094336AC29C01C4000752972 /* SaDecCity */,
				094336AB29C01C4000752972 /* Products */,
				4EBC81105CA60037D304B789 /* Pods */,
				C0BEFAC54C866DD2B3E0B9EE /* Frameworks */,
			);
			sourceTree = "<group>";
		};
		094336AB29C01C4000752972 /* Products */ = {
			isa = PBXGroup;
			children = (
				094336AA29C01C4000752972 /* SaDecCity.app */,
			);
			name = Products;
			sourceTree = "<group>";
		};
		094336AC29C01C4000752972 /* SaDecCity */ = {
			isa = PBXGroup;
			children = (
				094336BB29C01CF100752972 /* Utils */,
				094336AD29C01C4000752972 /* SaDecCityApp.swift */,
				094336AF29C01C4000752972 /* ContentView.swift */,
				094336B129C01C4200752972 /* Assets.xcassets */,
				094336B329C01C4200752972 /* Preview Content */,
			);
			path = SaDecCity;
			sourceTree = "<group>";
		};
		094336B329C01C4200752972 /* Preview Content */ = {
			isa = PBXGroup;
			children = (
				094336B429C01C4200752972 /* Preview Assets.xcassets */,
			);
			path = "Preview Content";
			sourceTree = "<group>";
		};
		094336BB29C01CF100752972 /* Utils */ = {
			isa = PBXGroup;
			children = (
				094336BC29C01D0F00752972 /* AutoLayout.swift */,
			);
			path = Utils;
			sourceTree = "<group>";
		};
		4EBC81105CA60037D304B789 /* Pods */ = {
			isa = PBXGroup;
			children = (
				2D296CDBC780941E2A5B1FA2 /* Pods-SaDecCity.debug.xcconfig */,
				A30BB30143EE7104916771E2 /* Pods-SaDecCity.release.xcconfig */,
			);
			path = Pods;
			sourceTree = "<group>";
		};
		C0BEFAC54C866DD2B3E0B9EE /* Frameworks */ = {
			isa = PBXGroup;
			children = (
				C97353F7F69F7D8451E2ED8A /* Pods_SaDecCity.framework */,
			);
			name = Frameworks;
			sourceTree = "<group>";
		};
/* End PBXGroup section */

/* Begin PBXNativeTarget section */
		094336A929C01C4000752972 /* SaDecCity */ = {
			isa = PBXNativeTarget;
			buildConfigurationList = 094336B829C01C4200752972 /* Build configuration list for PBXNativeTarget "SaDecCity" */;
			buildPhases = (
				9D4B9F21F21FD6E85304316D /* [CP] Check Pods Manifest.lock */,
				094336BE29C01DCE00752972 /* swiftlint */,
				094336A629C01C4000752972 /* Sources */,
				094336A729C01C4000752972 /* Frameworks */,
				094336A829C01C4000752972 /* Resources */,
			);
			buildRules = (
			);
			dependencies = (
			);
			name = SaDecCity;
			productName = SaDecCity;
			productReference = 094336AA29C01C4000752972 /* SaDecCity.app */;
			productType = "com.apple.product-type.application";
		};
/* End PBXNativeTarget section */

/* Begin PBXProject section */
		094336A229C01C4000752972 /* Project object */ = {
			isa = PBXProject;
			attributes = {
				BuildIndependentTargetsInParallel = 1;
				LastSwiftUpdateCheck = 1420;
				LastUpgradeCheck = 1420;
				TargetAttributes = {
					094336A929C01C4000752972 = {
						CreatedOnToolsVersion = 14.2;
					};
				};
			};
			buildConfigurationList = 094336A529C01C4000752972 /* Build configuration list for PBXProject "SaDecCity" */;
			compatibilityVersion = "Xcode 14.0";
			developmentRegion = en;
			hasScannedForEncodings = 0;
			knownRegions = (
				en,
				Base,
			);
			mainGroup = 094336A129C01C4000752972;
			productRefGroup = 094336AB29C01C4000752972 /* Products */;
			projectDirPath = "";
			projectRoot = "";
			targets = (
				094336A929C01C4000752972 /* SaDecCity */,
			);
		};
/* End PBXProject section */

/* Begin PBXResourcesBuildPhase section */
		094336A829C01C4000752972 /* Resources */ = {
			isa = PBXResourcesBuildPhase;
			buildActionMask = 2147483647;
			files = (
				094336B529C01C4200752972 /* Preview Assets.xcassets in Resources */,
				094336B229C01C4200752972 /* Assets.xcassets in Resources */,
			);
			runOnlyForDeploymentPostprocessing = 0;
		};
/* End PBXResourcesBuildPhase section */

/* Begin PBXShellScriptBuildPhase section */
		094336BE29C01DCE00752972 /* swiftlint */ = {
			isa = PBXShellScriptBuildPhase;
			buildActionMask = 2147483647;
			files = (
			);
			inputFileListPaths = (
			);
			inputPaths = (
			);
			name = swiftlint;
			outputFileListPaths = (
			);
			outputPaths = (
			);
			runOnlyForDeploymentPostprocessing = 0;
			shellPath = /bin/sh;
			shellScript = "export PATH=\"$PATH:/opt/homebrew/bin\"\nif which swiftlint > /dev/null; then\n  swiftlint\nelse\n  echo \"warning: SwiftLint not installed, download from https://github.com/realm/SwiftLint\"\nfi\n";
		};
		9D4B9F21F21FD6E85304316D /* [CP] Check Pods Manifest.lock */ = {
			isa = PBXShellScriptBuildPhase;
			buildActionMask = 2147483647;
			files = (
			);
			inputFileListPaths = (
			);
			inputPaths = (
				"${PODS_PODFILE_DIR_PATH}/Podfile.lock",
				"${PODS_ROOT}/Manifest.lock",
			);
			name = "[CP] Check Pods Manifest.lock";
			outputFileListPaths = (
			);
			outputPaths = (
				"$(DERIVED_FILE_DIR)/Pods-SaDecCity-checkManifestLockResult.txt",
			);
			runOnlyForDeploymentPostprocessing = 0;
			shellPath = /bin/sh;
			shellScript = "diff \"${PODS_PODFILE_DIR_PATH}/Podfile.lock\" \"${PODS_ROOT}/Manifest.lock\" > /dev/null\nif [ $? != 0 ] ; then\n    # print error to STDERR\n    echo \"error: The sandbox is not in sync with the Podfile.lock. Run 'pod install' or update your CocoaPods installation.\" >&2\n    exit 1\nfi\n# This output is used by Xcode 'outputs' to avoid re-running this script phase.\necho \"SUCCESS\" > \"${SCRIPT_OUTPUT_FILE_0}\"\n";
			showEnvVarsInLog = 0;
		};
/* End PBXShellScriptBuildPhase section */

/* Begin PBXSourcesBuildPhase section */
		094336A629C01C4000752972 /* Sources */ = {
			isa = PBXSourcesBuildPhase;
			buildActionMask = 2147483647;
			files = (
				094336BD29C01D0F00752972 /* AutoLayout.swift in Sources */,
				094336B029C01C4000752972 /* ContentView.swift in Sources */,
				094336AE29C01C4000752972 /* SaDecCityApp.swift in Sources */,
			);
			runOnlyForDeploymentPostprocessing = 0;
		};
/* End PBXSourcesBuildPhase section */

/* Begin XCBuildConfiguration section */
		094336B629C01C4200752972 /* Debug */ = {
			isa = XCBuildConfiguration;
			buildSettings = {
				ALWAYS_SEARCH_USER_PATHS = NO;
				CLANG_ANALYZER_NONNULL = YES;
				CLANG_ANALYZER_NUMBER_OBJECT_CONVERSION = YES_AGGRESSIVE;
				CLANG_CXX_LANGUAGE_STANDARD = "gnu++20";
				CLANG_ENABLE_MODULES = YES;
				CLANG_ENABLE_OBJC_ARC = YES;
				CLANG_ENABLE_OBJC_WEAK = YES;
				CLANG_WARN_BLOCK_CAPTURE_AUTORELEASING = YES;
				CLANG_WARN_BOOL_CONVERSION = YES;
				CLANG_WARN_COMMA = YES;
				CLANG_WARN_CONSTANT_CONVERSION = YES;
				CLANG_WARN_DEPRECATED_OBJC_IMPLEMENTATIONS = YES;
				CLANG_WARN_DIRECT_OBJC_ISA_USAGE = YES_ERROR;
				CLANG_WARN_DOCUMENTATION_COMMENTS = YES;
				CLANG_WARN_EMPTY_BODY = YES;
				CLANG_WARN_ENUM_CONVERSION = YES;
				CLANG_WARN_INFINITE_RECURSION = YES;
				CLANG_WARN_INT_CONVERSION = YES;
				CLANG_WARN_NON_LITERAL_NULL_CONVERSION = YES;
				CLANG_WARN_OBJC_IMPLICIT_RETAIN_SELF = YES;
				CLANG_WARN_OBJC_LITERAL_CONVERSION = YES;
				CLANG_WARN_OBJC_ROOT_CLASS = YES_ERROR;
				CLANG_WARN_QUOTED_INCLUDE_IN_FRAMEWORK_HEADER = YES;
				CLANG_WARN_RANGE_LOOP_ANALYSIS = YES;
				CLANG_WARN_STRICT_PROTOTYPES = YES;
				CLANG_WARN_SUSPICIOUS_MOVE = YES;
				CLANG_WARN_UNGUARDED_AVAILABILITY = YES_AGGRESSIVE;
				CLANG_WARN_UNREACHABLE_CODE = YES;
				CLANG_WARN__DUPLICATE_METHOD_MATCH = YES;
				COPY_PHASE_STRIP = NO;
				DEBUG_INFORMATION_FORMAT = dwarf;
				ENABLE_STRICT_OBJC_MSGSEND = YES;
				ENABLE_TESTABILITY = YES;
				GCC_C_LANGUAGE_STANDARD = gnu11;
				GCC_DYNAMIC_NO_PIC = NO;
				GCC_NO_COMMON_BLOCKS = YES;
				GCC_OPTIMIZATION_LEVEL = 0;
				GCC_PREPROCESSOR_DEFINITIONS = (
					"DEBUG=1",
					"$(inherited)",
				);
				GCC_WARN_64_TO_32_BIT_CONVERSION = YES;
				GCC_WARN_ABOUT_RETURN_TYPE = YES_ERROR;
				GCC_WARN_UNDECLARED_SELECTOR = YES;
				GCC_WARN_UNINITIALIZED_AUTOS = YES_AGGRESSIVE;
				GCC_WARN_UNUSED_FUNCTION = YES;
				GCC_WARN_UNUSED_VARIABLE = YES;
				IPHONEOS_DEPLOYMENT_TARGET = 15.0;
				MTL_ENABLE_DEBUG_INFO = INCLUDE_SOURCE;
				MTL_FAST_MATH = YES;
				ONLY_ACTIVE_ARCH = YES;
				SDKROOT = iphoneos;
				SWIFT_ACTIVE_COMPILATION_CONDITIONS = DEBUG;
				SWIFT_OPTIMIZATION_LEVEL = "-Onone";
			};
			name = Debug;
		};
		094336B729C01C4200752972 /* Release */ = {
			isa = XCBuildConfiguration;
			buildSettings = {
				ALWAYS_SEARCH_USER_PATHS = NO;
				CLANG_ANALYZER_NONNULL = YES;
				CLANG_ANALYZER_NUMBER_OBJECT_CONVERSION = YES_AGGRESSIVE;
				CLANG_CXX_LANGUAGE_STANDARD = "gnu++20";
				CLANG_ENABLE_MODULES = YES;
				CLANG_ENABLE_OBJC_ARC = YES;
				CLANG_ENABLE_OBJC_WEAK = YES;
				CLANG_WARN_BLOCK_CAPTURE_AUTORELEASING = YES;
				CLANG_WARN_BOOL_CONVERSION = YES;
				CLANG_WARN_COMMA = YES;
				CLANG_WARN_CONSTANT_CONVERSION = YES;
				CLANG_WARN_DEPRECATED_OBJC_IMPLEMENTATIONS = YES;
				CLANG_WARN_DIRECT_OBJC_ISA_USAGE = YES_ERROR;
				CLANG_WARN_DOCUMENTATION_COMMENTS = YES;
				CLANG_WARN_EMPTY_BODY = YES;
				CLANG_WARN_ENUM_CONVERSION = YES;
				CLANG_WARN_INFINITE_RECURSION = YES;
				CLANG_WARN_INT_CONVERSION = YES;
				CLANG_WARN_NON_LITERAL_NULL_CONVERSION = YES;
				CLANG_WARN_OBJC_IMPLICIT_RETAIN_SELF = YES;
				CLANG_WARN_OBJC_LITERAL_CONVERSION = YES;
				CLANG_WARN_OBJC_ROOT_CLASS = YES_ERROR;
				CLANG_WARN_QUOTED_INCLUDE_IN_FRAMEWORK_HEADER = YES;
				CLANG_WARN_RANGE_LOOP_ANALYSIS = YES;
				CLANG_WARN_STRICT_PROTOTYPES = YES;
				CLANG_WARN_SUSPICIOUS_MOVE = YES;
				CLANG_WARN_UNGUARDED_AVAILABILITY = YES_AGGRESSIVE;
				CLANG_WARN_UNREACHABLE_CODE = YES;
				CLANG_WARN__DUPLICATE_METHOD_MATCH = YES;
				COPY_PHASE_STRIP = NO;
				DEBUG_INFORMATION_FORMAT = "dwarf-with-dsym";
				ENABLE_NS_ASSERTIONS = NO;
				ENABLE_STRICT_OBJC_MSGSEND = YES;
				GCC_C_LANGUAGE_STANDARD = gnu11;
				GCC_NO_COMMON_BLOCKS = YES;
				GCC_WARN_64_TO_32_BIT_CONVERSION = YES;
				GCC_WARN_ABOUT_RETURN_TYPE = YES_ERROR;
				GCC_WARN_UNDECLARED_SELECTOR = YES;
				GCC_WARN_UNINITIALIZED_AUTOS = YES_AGGRESSIVE;
				GCC_WARN_UNUSED_FUNCTION = YES;
				GCC_WARN_UNUSED_VARIABLE = YES;
				IPHONEOS_DEPLOYMENT_TARGET = 15.0;
				MTL_ENABLE_DEBUG_INFO = NO;
				MTL_FAST_MATH = YES;
				SDKROOT = iphoneos;
				SWIFT_COMPILATION_MODE = wholemodule;
				SWIFT_OPTIMIZATION_LEVEL = "-O";
				VALIDATE_PRODUCT = YES;
			};
			name = Release;
		};
		094336B929C01C4200752972 /* Debug */ = {
			isa = XCBuildConfiguration;
			baseConfigurationReference = 2D296CDBC780941E2A5B1FA2 /* Pods-SaDecCity.debug.xcconfig */;
			buildSettings = {
				ASSETCATALOG_COMPILER_APPICON_NAME = AppIcon;
				ASSETCATALOG_COMPILER_GLOBAL_ACCENT_COLOR_NAME = AccentColor;
				CODE_SIGN_STYLE = Automatic;
				CURRENT_PROJECT_VERSION = 1;
				DEVELOPMENT_ASSET_PATHS = "\"SaDecCity/Preview Content\"";
				DEVELOPMENT_TEAM = QC693BSMVK;
				ENABLE_PREVIEWS = YES;
				GENERATE_INFOPLIST_FILE = YES;
				INFOPLIST_KEY_UIApplicationSceneManifest_Generation = YES;
				INFOPLIST_KEY_UIApplicationSupportsIndirectInputEvents = YES;
				INFOPLIST_KEY_UILaunchScreen_Generation = YES;
				INFOPLIST_KEY_UISupportedInterfaceOrientations_iPad = UIInterfaceOrientationPortrait;
				INFOPLIST_KEY_UISupportedInterfaceOrientations_iPhone = UIInterfaceOrientationPortrait;
				IPHONEOS_DEPLOYMENT_TARGET = 15.0;
				LD_RUNPATH_SEARCH_PATHS = (
					"$(inherited)",
					"@executable_path/Frameworks",
				);
				MARKETING_VERSION = 1.0;
				PRODUCT_BUNDLE_IDENTIFIER = com.nhattamsoft.SaDecCity;
				PRODUCT_NAME = "$(TARGET_NAME)";
				SWIFT_EMIT_LOC_STRINGS = YES;
				SWIFT_VERSION = 5.0;
				TARGETED_DEVICE_FAMILY = "1,2";
			};
			name = Debug;
		};
		094336BA29C01C4200752972 /* Release */ = {
			isa = XCBuildConfiguration;
			baseConfigurationReference = A30BB30143EE7104916771E2 /* Pods-SaDecCity.release.xcconfig */;
			buildSettings = {
				ASSETCATALOG_COMPILER_APPICON_NAME = AppIcon;
				ASSETCATALOG_COMPILER_GLOBAL_ACCENT_COLOR_NAME = AccentColor;
				CODE_SIGN_STYLE = Automatic;
				CURRENT_PROJECT_VERSION = 1;
				DEVELOPMENT_ASSET_PATHS = "\"SaDecCity/Preview Content\"";
				DEVELOPMENT_TEAM = QC693BSMVK;
				ENABLE_PREVIEWS = YES;
				GENERATE_INFOPLIST_FILE = YES;
				INFOPLIST_KEY_UIApplicationSceneManifest_Generation = YES;
				INFOPLIST_KEY_UIApplicationSupportsIndirectInputEvents = YES;
				INFOPLIST_KEY_UILaunchScreen_Generation = YES;
				INFOPLIST_KEY_UISupportedInterfaceOrientations_iPad = UIInterfaceOrientationPortrait;
				INFOPLIST_KEY_UISupportedInterfaceOrientations_iPhone = UIInterfaceOrientationPortrait;
				IPHONEOS_DEPLOYMENT_TARGET = 15.0;
				LD_RUNPATH_SEARCH_PATHS = (
					"$(inherited)",
					"@executable_path/Frameworks",
				);
				MARKETING_VERSION = 1.0;
				PRODUCT_BUNDLE_IDENTIFIER = com.nhattamsoft.SaDecCity;
				PRODUCT_NAME = "$(TARGET_NAME)";
				SWIFT_EMIT_LOC_STRINGS = YES;
				SWIFT_VERSION = 5.0;
				TARGETED_DEVICE_FAMILY = "1,2";
			};
			name = Release;
		};
/* End XCBuildConfiguration section */

/* Begin XCConfigurationList section */
		094336A529C01C4000752972 /* Build configuration list for PBXProject "SaDecCity" */ = {
			isa = XCConfigurationList;
			buildConfigurations = (
				094336B629C01C4200752972 /* Debug */,
				094336B729C01C4200752972 /* Release */,
			);
			defaultConfigurationIsVisible = 0;
			defaultConfigurationName = Release;
		};
		094336B829C01C4200752972 /* Build configuration list for PBXNativeTarget "SaDecCity" */ = {
			isa = XCConfigurationList;
			buildConfigurations = (
				094336B929C01C4200752972 /* Debug */,
				094336BA29C01C4200752972 /* Release */,
			);
			defaultConfigurationIsVisible = 0;
			defaultConfigurationName = Release;
		};
/* End XCConfigurationList section */
	};
	rootObject = 094336A229C01C4000752972 /* Project object */;
}
